
Microsoft Visual Studio Solution File, Format Version 12.00
# Visual Studio Version 16
VisualStudioVersion = 16.0.29920.165
MinimumVisualStudioVersion = 10.0.40219.1
Project("{888888A0-9F3D-457C-B088-3A5042F75D52}") = "Tugas4_kel43", "Tugas4_kel43\Tugas4_kel43.pyproj", "{C0BC7F49-9498-45AF-B012-8A5EFFBEAC63}"
EndProject
Global
	GlobalSection(SolutionConfigurationPlatforms) = preSolution
		Debug|Any CPU = Debug|Any CPU
		Release|Any CPU = Release|Any CPU
	EndGlobalSection
	GlobalSection(ProjectConfigurationPlatforms) = postSolution
		{C0BC7F49-9498-45AF-B012-8A5EFFBEAC63}.Debug|Any CPU.ActiveCfg = Debug|Any CPU
		{C0BC7F49-9498-45AF-B012-8A5EFFBEAC63}.Release|Any CPU.ActiveCfg = Release|Any CPU
	EndGlobalSection
	GlobalSection(SolutionProperties) = preSolution
		HideSolutionNode = FALSE
	EndGlobalSection
	GlobalSection(ExtensibilityGlobals) = postSolution
		SolutionGuid = {92366AF4-BCB4-4306-8D74-249B13AB330A}
	EndGlobalSection
EndGlobal
